
Microsoft Visual Studio Solution File, Format Version 12.00
# Visual Studio 15
Project("{FAE04EC0-301F-11D3-BF4B-00C04F79EFBC}") = "ZipCode_summary", "ZipCode_summary\ZipCode_summary.csproj", "{5DCBD820-5CB2-47DB-AA0E-9FF188217D6E}"
EndProject
Global
	GlobalSection(SolutionConfigurationPlatforms) = preSolution
		Debug|Any CPU = Debug|Any CPU
		Release|Any CPU = Release|Any CPU
	EndGlobalSection
	GlobalSection(ProjectConfigurationPlatforms) = postSolution
		{5DCBD820-5CB2-47DB-AA0E-9FF188217D6E}.Debug|Any CPU.ActiveCfg = Debug|Any CPU
		{5DCBD820-5CB2-47DB-AA0E-9FF188217D6E}.Debug|Any CPU.Build.0 = Debug|Any CPU
		{5DCBD820-5CB2-47DB-AA0E-9FF188217D6E}.Release|Any CPU.ActiveCfg = Release|Any CPU
		{5DCBD820-5CB2-47DB-AA0E-9FF188217D6E}.Release|Any CPU.Build.0 = Release|Any CPU
	EndGlobalSection
EndGlobal
